<?xml version="1.0" encoding="utf-8"?>
<Project ToolsVersion="4.0" xmlns="http://schemas.microsoft.com/developer/msbuild/2003">
  <ItemGroup>
    <ClCompile Include="Application.cpp" />
    <ClCompile Include="main.cpp" />
    <ClCompile Include="Window_Desktop.cpp">
      <Filter>Window</Filter>
    </ClCompile>
    <ClCompile Include="Graphics_DirectX11.cpp">
      <Filter>Graphics\DirectX\11</Filter>
    </ClCompile>
    <ClCompile Include="Object_Cube.cpp">
      <Filter>Object\Cube</Filter>
    </ClCompile>
    <ClCompile Include="Graphics_DirectX12.cpp">
      <Filter>Graphics\DirectX\12</Filter>
    </ClCompile>
    <ClCompile Include="Camera.cpp">
      <Filter>Camera</Filter>
    </ClCompile>
    <ClCompile Include="Graphics_Vulkan.cpp">
      <Filter>Graphics\Vulkan</Filter>
    </ClCompile>
  </ItemGroup>
  <ItemGroup>
    <ClInclude Include="Application.h" />
    <ClInclude Include="Window_Desktop.h">
      <Filter>Window</Filter>
    </ClInclude>
    <ClInclude Include="Window_Desktop_Procedure.h">
      <Filter>Window</Filter>
    </ClInclude>
    <ClInclude Include="Window_Interface.h">
      <Filter>Window</Filter>
    </ClInclude>
    <ClInclude Include="Graphics_Interface.h">
      <Filter>Graphics</Filter>
    </ClInclude>
    <ClInclude Include="Graphics_DirectX11.h">
      <Filter>Graphics\DirectX\11</Filter>
    </ClInclude>
    <ClInclude Include="Object_Cube.h">
      <Filter>Object\Cube</Filter>
    </ClInclude>
    <ClInclude Include="Object_Interface.h">
      <Filter>Object</Filter>
    </ClInclude>
    <ClInclude Include="Graphics_DirectX12.h">
      <Filter>Graphics\DirectX\12</Filter>
    </ClInclude>
    <ClInclude Include="Camera.h">
      <Filter>Camera</Filter>
    </ClInclude>
    <ClInclude Include="Graphics_Vulkan.h">
      <Filter>Graphics\Vulkan</Filter>
    </ClInclude>
  </ItemGroup>
  <ItemGroup>
    <Filter Include="Window">
      <UniqueIdentifier>{de644a07-f528-4df5-9ec9-4ffa69571dfd}</UniqueIdentifier>
    </Filter>
    <Filter Include="Graphics">
      <UniqueIdentifier>{ef9306e4-4aea-4aa7-9b7f-75a419586795}</UniqueIdentifier>
    </Filter>
    <Filter Include="Graphics\DirectX">
      <UniqueIdentifier>{45a9ab5c-2bb5-4bba-ba8e-d6a763189348}</UniqueIdentifier>
    </Filter>
    <Filter Include="Graphics\DirectX\11">
      <UniqueIdentifier>{a30e3cdc-abb2-463f-a11f-1930bb85c6ff}</UniqueIdentifier>
    </Filter>
    <Filter Include="Graphics\DirectX\12">
      <UniqueIdentifier>{a4779d6a-52b9-44b2-a8d5-d598a5fbf98d}</UniqueIdentifier>
    </Filter>
    <Filter Include="Object">
      <UniqueIdentifier>{7a6a42f8-9de5-4ad6-8c04-2089f30da74f}</UniqueIdentifier>
    </Filter>
    <Filter Include="Object\Cube">
      <UniqueIdentifier>{044ec990-f85e-423d-9996-bf63a1db8904}</UniqueIdentifier>
    </Filter>
    <Filter Include="Camera">
      <UniqueIdentifier>{162da9d1-3915-45c0-906a-47f42af99efc}</UniqueIdentifier>
    </Filter>
    <Filter Include="Graphics\Vulkan">
      <UniqueIdentifier>{d6f71fc9-cbdc-4c88-bfbe-0c4ba9bee94a}</UniqueIdentifier>
    </Filter>
  </ItemGroup>
</Project>